
Microsoft Visual Studio Solution File, Format Version 12.00
Project("{FAE04EC0-301F-11D3-BF4B-00C04F79EFBC}") = "APBD_08_2", "APBD_08_2\APBD_08_2.csproj", "{211BD5E5-41E4-4AB7-A899-BC0B96EB55C5}"
EndProject
Global
	GlobalSection(SolutionConfigurationPlatforms) = preSolution
		Debug|Any CPU = Debug|Any CPU
		Release|Any CPU = Release|Any CPU
	EndGlobalSection
	GlobalSection(ProjectConfigurationPlatforms) = postSolution
		{211BD5E5-41E4-4AB7-A899-BC0B96EB55C5}.Debug|Any CPU.ActiveCfg = Debug|Any CPU
		{211BD5E5-41E4-4AB7-A899-BC0B96EB55C5}.Debug|Any CPU.Build.0 = Debug|Any CPU
		{211BD5E5-41E4-4AB7-A899-BC0B96EB55C5}.Release|Any CPU.ActiveCfg = Release|Any CPU
		{211BD5E5-41E4-4AB7-A899-BC0B96EB55C5}.Release|Any CPU.Build.0 = Release|Any CPU
	EndGlobalSection
EndGlobal
